
Microsoft Visual Studio Solution File, Format Version 10.00
# Visual Studio 2008
Project("{FAE04EC0-301F-11D3-BF4B-00C04F79EFBC}") = "Bilten", "Bilten\Bilten.csproj", "{205A8BBE-E310-4F80-8C55-E02747642E0C}"
EndProject
Global
	GlobalSection(SolutionConfigurationPlatforms) = preSolution
		Debug|Any CPU = Debug|Any CPU
		Release|Any CPU = Release|Any CPU
	EndGlobalSection
	GlobalSection(ProjectConfigurationPlatforms) = postSolution
		{205A8BBE-E310-4F80-8C55-E02747642E0C}.Debug|Any CPU.ActiveCfg = Debug|Any CPU
		{205A8BBE-E310-4F80-8C55-E02747642E0C}.Debug|Any CPU.Build.0 = Debug|Any CPU
		{205A8BBE-E310-4F80-8C55-E02747642E0C}.Release|Any CPU.ActiveCfg = Release|Any CPU
		{205A8BBE-E310-4F80-8C55-E02747642E0C}.Release|Any CPU.Build.0 = Release|Any CPU
	EndGlobalSection
	GlobalSection(SolutionProperties) = preSolution
		HideSolutionNode = FALSE
	EndGlobalSection
EndGlobal
